
Microsoft Visual Studio Solution File, Format Version 12.00
# Visual Studio Version 16
VisualStudioVersion = 16.0.30320.27
MinimumVisualStudioVersion = 10.0.40219.1
Project("{FAE04EC0-301F-11D3-BF4B-00C04F79EFBC}") = "calculator", "calculator.csproj", "{E321D198-1EF3-40F0-B8DD-AE4FEA87815E}"
EndProject
Global
	GlobalSection(SolutionConfigurationPlatforms) = preSolution
		Debug|Any CPU = Debug|Any CPU
		Release|Any CPU = Release|Any CPU
	EndGlobalSection
	GlobalSection(ProjectConfigurationPlatforms) = postSolution
		{E321D198-1EF3-40F0-B8DD-AE4FEA87815E}.Debug|Any CPU.ActiveCfg = Debug|Any CPU
		{E321D198-1EF3-40F0-B8DD-AE4FEA87815E}.Debug|Any CPU.Build.0 = Debug|Any CPU
		{E321D198-1EF3-40F0-B8DD-AE4FEA87815E}.Release|Any CPU.ActiveCfg = Release|Any CPU
		{E321D198-1EF3-40F0-B8DD-AE4FEA87815E}.Release|Any CPU.Build.0 = Release|Any CPU
	EndGlobalSection
	GlobalSection(SolutionProperties) = preSolution
		HideSolutionNode = FALSE
	EndGlobalSection
	GlobalSection(ExtensibilityGlobals) = postSolution
		SolutionGuid = {D019B314-8DE6-43F2-93C7-AE87A07C1047}
	EndGlobalSection
EndGlobal
