
Microsoft Visual Studio Solution File, Format Version 12.00
# Visual Studio Version 16
VisualStudioVersion = 16.0.30711.63
MinimumVisualStudioVersion = 10.0.40219.1
Project("{FAE04EC0-301F-11D3-BF4B-00C04F79EFBC}") = "ConnectionStringBulderSample", "ConnectionStringBulderSample.csproj", "{FA224442-48B9-4EE6-83B6-2943C0A747D4}"
EndProject
Global
	GlobalSection(SolutionConfigurationPlatforms) = preSolution
		Debug|Any CPU = Debug|Any CPU
		Release|Any CPU = Release|Any CPU
	EndGlobalSection
	GlobalSection(ProjectConfigurationPlatforms) = postSolution
		{FA224442-48B9-4EE6-83B6-2943C0A747D4}.Debug|Any CPU.ActiveCfg = Debug|Any CPU
		{FA224442-48B9-4EE6-83B6-2943C0A747D4}.Debug|Any CPU.Build.0 = Debug|Any CPU
		{FA224442-48B9-4EE6-83B6-2943C0A747D4}.Release|Any CPU.ActiveCfg = Release|Any CPU
		{FA224442-48B9-4EE6-83B6-2943C0A747D4}.Release|Any CPU.Build.0 = Release|Any CPU
	EndGlobalSection
	GlobalSection(SolutionProperties) = preSolution
		HideSolutionNode = FALSE
	EndGlobalSection
	GlobalSection(ExtensibilityGlobals) = postSolution
		SolutionGuid = {36444B2D-CE9B-4179-A29F-6AF57483888A}
	EndGlobalSection
EndGlobal
