
Microsoft Visual Studio Solution File, Format Version 12.00
# Visual Studio Version 16
VisualStudioVersion = 16.0.30717.126
MinimumVisualStudioVersion = 10.0.40219.1
Project("{FAE04EC0-301F-11D3-BF4B-00C04F79EFBC}") = "Sort", "Sort.csproj", "{C5F94920-C0E6-4296-BB15-CB2CD3118C05}"
EndProject
Global
	GlobalSection(SolutionConfigurationPlatforms) = preSolution
		Debug|Any CPU = Debug|Any CPU
		Release|Any CPU = Release|Any CPU
	EndGlobalSection
	GlobalSection(ProjectConfigurationPlatforms) = postSolution
		{C5F94920-C0E6-4296-BB15-CB2CD3118C05}.Debug|Any CPU.ActiveCfg = Debug|Any CPU
		{C5F94920-C0E6-4296-BB15-CB2CD3118C05}.Debug|Any CPU.Build.0 = Debug|Any CPU
		{C5F94920-C0E6-4296-BB15-CB2CD3118C05}.Release|Any CPU.ActiveCfg = Release|Any CPU
		{C5F94920-C0E6-4296-BB15-CB2CD3118C05}.Release|Any CPU.Build.0 = Release|Any CPU
	EndGlobalSection
	GlobalSection(SolutionProperties) = preSolution
		HideSolutionNode = FALSE
	EndGlobalSection
	GlobalSection(ExtensibilityGlobals) = postSolution
		SolutionGuid = {95C984C3-0318-4E67-8195-F1BAAAB31E1D}
	EndGlobalSection
EndGlobal
